
Microsoft Visual Studio Solution File, Format Version 12.00
# Visual Studio 15
VisualStudioVersion = 15.0.27004.2010
MinimumVisualStudioVersion = 10.0.40219.1
Project("{FAE04EC0-301F-11D3-BF4B-00C04F79EFBC}") = "Connect4LAN", "Connect4LAN\Connect4LAN.csproj", "{A9F50896-116E-418A-A1D1-4C9CA76DB307}"
EndProject
Project("{FAE04EC0-301F-11D3-BF4B-00C04F79EFBC}") = "Connect4LANTests", "Connect4LANTests\Connect4LANTests.csproj", "{96B71BED-ECF3-4A74-B291-08AB4292DC05}"
EndProject
Project("{FAE04EC0-301F-11D3-BF4B-00C04F79EFBC}") = "Connect4LanServer", "Connect4LanServer\Connect4LanServer.csproj", "{317F8205-41C7-4D05-9D03-24A9624FA6B4}"
	ProjectSection(ProjectDependencies) = postProject
		{A9F50896-116E-418A-A1D1-4C9CA76DB307} = {A9F50896-116E-418A-A1D1-4C9CA76DB307}
	EndProjectSection
EndProject
Global
	GlobalSection(SolutionConfigurationPlatforms) = preSolution
		Debug|Any CPU = Debug|Any CPU
		Release|Any CPU = Release|Any CPU
	EndGlobalSection
	GlobalSection(ProjectConfigurationPlatforms) = postSolution
		{A9F50896-116E-418A-A1D1-4C9CA76DB307}.Debug|Any CPU.ActiveCfg = Debug|Any CPU
		{A9F50896-116E-418A-A1D1-4C9CA76DB307}.Debug|Any CPU.Build.0 = Debug|Any CPU
		{A9F50896-116E-418A-A1D1-4C9CA76DB307}.Release|Any CPU.ActiveCfg = Release|Any CPU
		{A9F50896-116E-418A-A1D1-4C9CA76DB307}.Release|Any CPU.Build.0 = Release|Any CPU
		{96B71BED-ECF3-4A74-B291-08AB4292DC05}.Debug|Any CPU.ActiveCfg = Debug|Any CPU
		{96B71BED-ECF3-4A74-B291-08AB4292DC05}.Debug|Any CPU.Build.0 = Debug|Any CPU
		{96B71BED-ECF3-4A74-B291-08AB4292DC05}.Release|Any CPU.ActiveCfg = Release|Any CPU
		{96B71BED-ECF3-4A74-B291-08AB4292DC05}.Release|Any CPU.Build.0 = Release|Any CPU
		{317F8205-41C7-4D05-9D03-24A9624FA6B4}.Debug|Any CPU.ActiveCfg = Debug|Any CPU
		{317F8205-41C7-4D05-9D03-24A9624FA6B4}.Debug|Any CPU.Build.0 = Debug|Any CPU
		{317F8205-41C7-4D05-9D03-24A9624FA6B4}.Release|Any CPU.ActiveCfg = Release|Any CPU
		{317F8205-41C7-4D05-9D03-24A9624FA6B4}.Release|Any CPU.Build.0 = Release|Any CPU
	EndGlobalSection
	GlobalSection(SolutionProperties) = preSolution
		HideSolutionNode = FALSE
	EndGlobalSection
	GlobalSection(ExtensibilityGlobals) = postSolution
		SolutionGuid = {858044AB-C9DA-4A5D-8903-F73C32C2B310}
	EndGlobalSection
EndGlobal
